schema: '2.0'
stages:
  get_data:
    cmd: ./scripts/get_data.sh
    deps:
    - path: scripts/get_data.sh
      md5: 17dbc51f69fae24683c684c7627dc7ea
      size: 71
    outs:
    - path: ml/input/data/divorce.csv
      md5: 066fe7cbec78bbfcf70f59bb558b9571
      size: 19192
  train:
    cmd: python divorce_predictor/train.py
    deps:
    - path: divorce_predictor
      md5: f9bd191491d77ee817538a597b91a510.dir
      size: 11725
      nfiles: 16
    - path: ml/input/data/divorce.csv
      md5: 066fe7cbec78bbfcf70f59bb558b9571
      size: 19192
    - path: ml/input/hyperparameters.json
      md5: 99914b932bd37a50b983c5e7c90ae93b
      size: 2
    outs:
    - path: ml/output/avg_scores.json
      md5: f380ee23817e4f3935926e222733ae0a
      size: 193
    - path: ml/output/confusion.csv
      md5: 2ec44718489bd1fc859ac80d9820ebb8
      size: 697
    - path: ml/output/estimator.joblib
      md5: 5dc947fa122f8da1a0a62dc2dea2b3fa
      size: 1691
    - path: ml/output/scores.json
      md5: 5d3814754804ab2c61a4376997ec8675
      size: 1218
