schema: '2.0'
stages:
  experiment:
    cmd: python divorce_predictor/train.py
    deps:
    - path: ml/input/data/divorce.csv
      md5: 066fe7cbec78bbfcf70f59bb558b9571
      size: 19192
    outs:
    - path: ml/output/avg_scores.json
      md5: 47abf96cf4a2f063429ed8cd2ef56758
      size: 160
    - path: ml/output/confusion.csv
      md5: 1d174f21da1ead1f6fa5419566d90a5e
      size: 697
    - path: ml/output/estimator.joblib
      md5: f7fe6343715463f32b221c23ad71c8cd
      size: 504
    - path: ml/output/scores.json
      md5: 9b1cccc0e9f18f9c2d7d15f44aa6b9bb
      size: 1132
