schema: '2.0'
stages:
  experiment:
    cmd: python divorce_predictor/train.py
    deps:
    - path: ml/input/data/divorce.csv
      md5: 066fe7cbec78bbfcf70f59bb558b9571
      size: 19192
    outs:
    - path: ml/output/avg_scores.json
      md5: b0bedba710bdc103a96fa54df5ec5a21
      size: 208
    - path: ml/output/confusion.csv
      md5: ee6a231392cb00860b79c04b6a67b249
      size: 697
    - path: ml/output/estimator.joblib
      md5: caeba531ecb373a68874ffd0e4fcfdfd
      size: 2548
    - path: ml/output/scores.json
      md5: 6a49ca87ebaeaa7611f4d544a7a2589f
      size: 1216
